// !$*UTF8*$!
{
	archiveVersion = 1;
	classes = {
	};
	objectVersion = 55;
	objects = {

/* Begin PBXBuildFile section */
		CE5B608C2754EA8700B48177 /* NSMutableAttributedString.swift in Sources */ = {isa = PBXBuildFile; fileRef = CE5B608A2754EA8700B48177 /* NSMutableAttributedString.swift */; };
		CE5B608D2754EA8700B48177 /* NSAttributedString.swift in Sources */ = {isa = PBXBuildFile; fileRef = CE5B608B2754EA8700B48177 /* NSAttributedString.swift */; };
		CE82EA122753B0C8007E24F3 /* Core in Frameworks */ = {isa = PBXBuildFile; productRef = CE82EA112753B0C8007E24F3 /* Core */; };
		CE82EA142753B122007E24F3 /* Global.swift.swift in Sources */ = {isa = PBXBuildFile; fileRef = CE82EA132753B122007E24F3 /* Global.swift.swift */; };
		CE82EA172753B30A007E24F3 /* CloudKit.framework in Frameworks */ = {isa = PBXBuildFile; fileRef = CE82EA162753B30A007E24F3 /* CloudKit.framework */; };
		CE8802A2275697A000909C85 /* Bar.Option.swift in Sources */ = {isa = PBXBuildFile; fileRef = CE8802A1275697A000909C85 /* Bar.Option.swift */; };
		CE8802A42756989600909C85 /* Window.Sort.swift in Sources */ = {isa = PBXBuildFile; fileRef = CE8802A32756989600909C85 /* Window.Sort.swift */; };
		CE8802A627569DBF00909C85 /* Bar.Sorting.swift in Sources */ = {isa = PBXBuildFile; fileRef = CE8802A527569DBF00909C85 /* Bar.Sorting.swift */; };
		CE8802A827569DF600909C85 /* Bar.Sorting.Option.swift in Sources */ = {isa = PBXBuildFile; fileRef = CE8802A727569DF600909C85 /* Bar.Sorting.Option.swift */; };
		CEA07F922758F11A00FF04CE /* Window.Zoom.swift in Sources */ = {isa = PBXBuildFile; fileRef = CEA07F912758F11A00FF04CE /* Window.Zoom.swift */; };
		CEA07F942758FB1F00FF04CE /* Window.Detail.swift in Sources */ = {isa = PBXBuildFile; fileRef = CEA07F932758FB1F00FF04CE /* Window.Detail.swift */; };
		CEA07F962758FB7800FF04CE /* Window.Detail.Cell.swift in Sources */ = {isa = PBXBuildFile; fileRef = CEA07F952758FB7800FF04CE /* Window.Detail.Cell.swift */; };
		CEA79E1227541F9900397B5E /* Launch.Item.swift in Sources */ = {isa = PBXBuildFile; fileRef = CEA79E1127541F9900397B5E /* Launch.Item.swift */; };
		CEA8927E27527A9F00D0603B /* App.swift in Sources */ = {isa = PBXBuildFile; fileRef = CEA8927D27527A9F00D0603B /* App.swift */; };
		CEA8928227527AA000D0603B /* Assets.xcassets in Resources */ = {isa = PBXBuildFile; fileRef = CEA8928127527AA000D0603B /* Assets.xcassets */; };
		CEA8928C27527DE400D0603B /* Launch.swift in Sources */ = {isa = PBXBuildFile; fileRef = CEA8928B27527DE400D0603B /* Launch.swift */; };
		CEB04A9D275A4F5900DF17ED /* Window.Detail.Empty.swift in Sources */ = {isa = PBXBuildFile; fileRef = CEB04A9C275A4F5900DF17ED /* Window.Detail.Empty.swift */; };
		CECFC37C2753E8B900CE985C /* StoreKit.framework in Frameworks */ = {isa = PBXBuildFile; fileRef = CECFC37B2753E8B900CE985C /* StoreKit.framework */; };
		CEED0F95275791DF0076CFBC /* Subbar.swift in Sources */ = {isa = PBXBuildFile; fileRef = CEED0F94275791DF0076CFBC /* Subbar.swift */; };
		CEED0F972757CBDF0076CFBC /* Switch.swift in Sources */ = {isa = PBXBuildFile; fileRef = CEED0F962757CBDF0076CFBC /* Switch.swift */; };
		CEF59EC32752857400B40DFB /* Action.swift in Sources */ = {isa = PBXBuildFile; fileRef = CEF59EB82752857400B40DFB /* Action.swift */; };
		CEF59EC42752857400B40DFB /* Image.swift in Sources */ = {isa = PBXBuildFile; fileRef = CEF59EB92752857400B40DFB /* Image.swift */; };
		CEF59EC52752857400B40DFB /* Flip.swift in Sources */ = {isa = PBXBuildFile; fileRef = CEF59EBA2752857400B40DFB /* Flip.swift */; };
		CEF59EC62752857400B40DFB /* Shape.swift in Sources */ = {isa = PBXBuildFile; fileRef = CEF59EBB2752857400B40DFB /* Shape.swift */; };
		CEF59EC72752857400B40DFB /* Control.swift in Sources */ = {isa = PBXBuildFile; fileRef = CEF59EBC2752857400B40DFB /* Control.swift */; };
		CEF59EC82752857400B40DFB /* Separator.swift in Sources */ = {isa = PBXBuildFile; fileRef = CEF59EBD2752857400B40DFB /* Separator.swift */; };
		CEF59EC92752857400B40DFB /* Text.swift in Sources */ = {isa = PBXBuildFile; fileRef = CEF59EBE2752857400B40DFB /* Text.swift */; };
		CEF59ECA2752857400B40DFB /* Vibrant.swift in Sources */ = {isa = PBXBuildFile; fileRef = CEF59EBF2752857400B40DFB /* Vibrant.swift */; };
		CEF59ECB2752857400B40DFB /* Control.State.swift in Sources */ = {isa = PBXBuildFile; fileRef = CEF59EC02752857400B40DFB /* Control.State.swift */; };
		CEF59ECC2752857400B40DFB /* Layer.swift in Sources */ = {isa = PBXBuildFile; fileRef = CEF59EC12752857400B40DFB /* Layer.swift */; };
		CEF59ECD2752857400B40DFB /* Plain.swift in Sources */ = {isa = PBXBuildFile; fileRef = CEF59EC22752857400B40DFB /* Plain.swift */; };
		CEF59ECF2752891300B40DFB /* Gradient.swift in Sources */ = {isa = PBXBuildFile; fileRef = CEF59ECE2752891300B40DFB /* Gradient.swift */; };
		CEF59ED127528E3100B40DFB /* Window.swift in Sources */ = {isa = PBXBuildFile; fileRef = CEF59ED027528E3100B40DFB /* Window.swift */; };
		CEF59ED32752948200B40DFB /* Bar.swift in Sources */ = {isa = PBXBuildFile; fileRef = CEF59ED22752948200B40DFB /* Bar.swift */; };
		CEF59EDB27529B5500B40DFB /* Invalid.swift in Sources */ = {isa = PBXBuildFile; fileRef = CEF59EDA27529B5500B40DFB /* Invalid.swift */; };
		CEF59EDD2752A0E900B40DFB /* NSApplication.swift in Sources */ = {isa = PBXBuildFile; fileRef = CEF59EDC2752A0E900B40DFB /* NSApplication.swift */; };
		CEFA38742755355100C05C3B /* Collection.swift in Sources */ = {isa = PBXBuildFile; fileRef = CEFA386F2755355100C05C3B /* Collection.swift */; };
		CEFA38752755355100C05C3B /* CollectionItemInfo.swift in Sources */ = {isa = PBXBuildFile; fileRef = CEFA38702755355100C05C3B /* CollectionItemInfo.swift */; };
		CEFA38762755355100C05C3B /* CollectionItem.swift in Sources */ = {isa = PBXBuildFile; fileRef = CEFA38712755355100C05C3B /* CollectionItem.swift */; };
		CEFA38772755355100C05C3B /* CollectionCell.swift in Sources */ = {isa = PBXBuildFile; fileRef = CEFA38722755355100C05C3B /* CollectionCell.swift */; };
		CEFA38782755355100C05C3B /* CollectionCellState.swift in Sources */ = {isa = PBXBuildFile; fileRef = CEFA38732755355100C05C3B /* CollectionCellState.swift */; };
		CEFA387A275535C400C05C3B /* CollectionImage.swift in Sources */ = {isa = PBXBuildFile; fileRef = CEFA3879275535C400C05C3B /* CollectionImage.swift */; };
		CEFA387C2755367F00C05C3B /* CGRect.swift in Sources */ = {isa = PBXBuildFile; fileRef = CEFA387B2755367F00C05C3B /* CGRect.swift */; };
		CEFA38802755388B00C05C3B /* Window.Grid.swift in Sources */ = {isa = PBXBuildFile; fileRef = CEFA387D2755388B00C05C3B /* Window.Grid.swift */; };
		CEFA38812755388B00C05C3B /* Window.Info.swift in Sources */ = {isa = PBXBuildFile; fileRef = CEFA387E2755388B00C05C3B /* Window.Info.swift */; };
		CEFA38822755388B00C05C3B /* Window.Grid.Cell.swift in Sources */ = {isa = PBXBuildFile; fileRef = CEFA387F2755388B00C05C3B /* Window.Grid.Cell.swift */; };
/* End PBXBuildFile section */

/* Begin PBXFileReference section */
		CE5B608A2754EA8700B48177 /* NSMutableAttributedString.swift */ = {isa = PBXFileReference; fileEncoding = 4; lastKnownFileType = sourcecode.swift; path = NSMutableAttributedString.swift; sourceTree = "<group>"; };
		CE5B608B2754EA8700B48177 /* NSAttributedString.swift */ = {isa = PBXFileReference; fileEncoding = 4; lastKnownFileType = sourcecode.swift; path = NSAttributedString.swift; sourceTree = "<group>"; };
		CE82EA132753B122007E24F3 /* Global.swift.swift */ = {isa = PBXFileReference; lastKnownFileType = sourcecode.swift; path = Global.swift.swift; sourceTree = "<group>"; };
		CE82EA162753B30A007E24F3 /* CloudKit.framework */ = {isa = PBXFileReference; lastKnownFileType = wrapper.framework; name = CloudKit.framework; path = System/Library/Frameworks/CloudKit.framework; sourceTree = SDKROOT; };
		CE8802A1275697A000909C85 /* Bar.Option.swift */ = {isa = PBXFileReference; lastKnownFileType = sourcecode.swift; path = Bar.Option.swift; sourceTree = "<group>"; };
		CE8802A32756989600909C85 /* Window.Sort.swift */ = {isa = PBXFileReference; lastKnownFileType = sourcecode.swift; path = Window.Sort.swift; sourceTree = "<group>"; };
		CE8802A527569DBF00909C85 /* Bar.Sorting.swift */ = {isa = PBXFileReference; lastKnownFileType = sourcecode.swift; path = Bar.Sorting.swift; sourceTree = "<group>"; };
		CE8802A727569DF600909C85 /* Bar.Sorting.Option.swift */ = {isa = PBXFileReference; lastKnownFileType = sourcecode.swift; path = Bar.Sorting.Option.swift; sourceTree = "<group>"; };
		CEA07F912758F11A00FF04CE /* Window.Zoom.swift */ = {isa = PBXFileReference; lastKnownFileType = sourcecode.swift; path = Window.Zoom.swift; sourceTree = "<group>"; };
		CEA07F932758FB1F00FF04CE /* Window.Detail.swift */ = {isa = PBXFileReference; lastKnownFileType = sourcecode.swift; path = Window.Detail.swift; sourceTree = "<group>"; };
		CEA07F952758FB7800FF04CE /* Window.Detail.Cell.swift */ = {isa = PBXFileReference; lastKnownFileType = sourcecode.swift; path = Window.Detail.Cell.swift; sourceTree = "<group>"; };
		CEA79E1127541F9900397B5E /* Launch.Item.swift */ = {isa = PBXFileReference; lastKnownFileType = sourcecode.swift; path = Launch.Item.swift; sourceTree = "<group>"; };
		CEA8927A27527A9F00D0603B /* Raw.app */ = {isa = PBXFileReference; explicitFileType = wrapper.application; includeInIndex = 0; path = Raw.app; sourceTree = BUILT_PRODUCTS_DIR; };
		CEA8927D27527A9F00D0603B /* App.swift */ = {isa = PBXFileReference; lastKnownFileType = sourcecode.swift; path = App.swift; sourceTree = "<group>"; };
		CEA8928127527AA000D0603B /* Assets.xcassets */ = {isa = PBXFileReference; lastKnownFileType = folder.assetcatalog; path = Assets.xcassets; sourceTree = "<group>"; };
		CEA8928627527AA000D0603B /* macOS.entitlements */ = {isa = PBXFileReference; lastKnownFileType = text.plist.entitlements; path = macOS.entitlements; sourceTree = "<group>"; };
		CEA8928A27527CE600D0603B /* Info.plist */ = {isa = PBXFileReference; lastKnownFileType = text.plist; path = Info.plist; sourceTree = "<group>"; };
		CEA8928B27527DE400D0603B /* Launch.swift */ = {isa = PBXFileReference; lastKnownFileType = sourcecode.swift; path = Launch.swift; sourceTree = "<group>"; };
		CEB04A9C275A4F5900DF17ED /* Window.Detail.Empty.swift */ = {isa = PBXFileReference; lastKnownFileType = sourcecode.swift; path = Window.Detail.Empty.swift; sourceTree = "<group>"; };
		CECFC37B2753E8B900CE985C /* StoreKit.framework */ = {isa = PBXFileReference; lastKnownFileType = wrapper.framework; name = StoreKit.framework; path = System/Library/Frameworks/StoreKit.framework; sourceTree = SDKROOT; };
		CEED0F94275791DF0076CFBC /* Subbar.swift */ = {isa = PBXFileReference; lastKnownFileType = sourcecode.swift; path = Subbar.swift; sourceTree = "<group>"; };
		CEED0F962757CBDF0076CFBC /* Switch.swift */ = {isa = PBXFileReference; lastKnownFileType = sourcecode.swift; path = Switch.swift; sourceTree = "<group>"; };
		CEF59EB82752857400B40DFB /* Action.swift */ = {isa = PBXFileReference; fileEncoding = 4; lastKnownFileType = sourcecode.swift; path = Action.swift; sourceTree = "<group>"; };
		CEF59EB92752857400B40DFB /* Image.swift */ = {isa = PBXFileReference; fileEncoding = 4; lastKnownFileType = sourcecode.swift; path = Image.swift; sourceTree = "<group>"; };
		CEF59EBA2752857400B40DFB /* Flip.swift */ = {isa = PBXFileReference; fileEncoding = 4; lastKnownFileType = sourcecode.swift; path = Flip.swift; sourceTree = "<group>"; };
		CEF59EBB2752857400B40DFB /* Shape.swift */ = {isa = PBXFileReference; fileEncoding = 4; lastKnownFileType = sourcecode.swift; path = Shape.swift; sourceTree = "<group>"; };
		CEF59EBC2752857400B40DFB /* Control.swift */ = {isa = PBXFileReference; fileEncoding = 4; lastKnownFileType = sourcecode.swift; path = Control.swift; sourceTree = "<group>"; };
		CEF59EBD2752857400B40DFB /* Separator.swift */ = {isa = PBXFileReference; fileEncoding = 4; lastKnownFileType = sourcecode.swift; path = Separator.swift; sourceTree = "<group>"; };
		CEF59EBE2752857400B40DFB /* Text.swift */ = {isa = PBXFileReference; fileEncoding = 4; lastKnownFileType = sourcecode.swift; path = Text.swift; sourceTree = "<group>"; };
		CEF59EBF2752857400B40DFB /* Vibrant.swift */ = {isa = PBXFileReference; fileEncoding = 4; lastKnownFileType = sourcecode.swift; path = Vibrant.swift; sourceTree = "<group>"; };
		CEF59EC02752857400B40DFB /* Control.State.swift */ = {isa = PBXFileReference; fileEncoding = 4; lastKnownFileType = sourcecode.swift; path = Control.State.swift; sourceTree = "<group>"; };
		CEF59EC12752857400B40DFB /* Layer.swift */ = {isa = PBXFileReference; fileEncoding = 4; lastKnownFileType = sourcecode.swift; path = Layer.swift; sourceTree = "<group>"; };
		CEF59EC22752857400B40DFB /* Plain.swift */ = {isa = PBXFileReference; fileEncoding = 4; lastKnownFileType = sourcecode.swift; path = Plain.swift; sourceTree = "<group>"; };
		CEF59ECE2752891300B40DFB /* Gradient.swift */ = {isa = PBXFileReference; fileEncoding = 4; lastKnownFileType = sourcecode.swift; path = Gradient.swift; sourceTree = "<group>"; };
		CEF59ED027528E3100B40DFB /* Window.swift */ = {isa = PBXFileReference; lastKnownFileType = sourcecode.swift; path = Window.swift; sourceTree = "<group>"; };
		CEF59ED22752948200B40DFB /* Bar.swift */ = {isa = PBXFileReference; lastKnownFileType = sourcecode.swift; path = Bar.swift; sourceTree = "<group>"; };
		CEF59EDA27529B5500B40DFB /* Invalid.swift */ = {isa = PBXFileReference; lastKnownFileType = sourcecode.swift; path = Invalid.swift; sourceTree = "<group>"; };
		CEF59EDC2752A0E900B40DFB /* NSApplication.swift */ = {isa = PBXFileReference; fileEncoding = 4; lastKnownFileType = sourcecode.swift; path = NSApplication.swift; sourceTree = "<group>"; };
		CEFA386F2755355100C05C3B /* Collection.swift */ = {isa = PBXFileReference; fileEncoding = 4; lastKnownFileType = sourcecode.swift; path = Collection.swift; sourceTree = "<group>"; };
		CEFA38702755355100C05C3B /* CollectionItemInfo.swift */ = {isa = PBXFileReference; fileEncoding = 4; lastKnownFileType = sourcecode.swift; path = CollectionItemInfo.swift; sourceTree = "<group>"; };
		CEFA38712755355100C05C3B /* CollectionItem.swift */ = {isa = PBXFileReference; fileEncoding = 4; lastKnownFileType = sourcecode.swift; path = CollectionItem.swift; sourceTree = "<group>"; };
		CEFA38722755355100C05C3B /* CollectionCell.swift */ = {isa = PBXFileReference; fileEncoding = 4; lastKnownFileType = sourcecode.swift; path = CollectionCell.swift; sourceTree = "<group>"; };
		CEFA38732755355100C05C3B /* CollectionCellState.swift */ = {isa = PBXFileReference; fileEncoding = 4; lastKnownFileType = sourcecode.swift; path = CollectionCellState.swift; sourceTree = "<group>"; };
		CEFA3879275535C400C05C3B /* CollectionImage.swift */ = {isa = PBXFileReference; lastKnownFileType = sourcecode.swift; path = CollectionImage.swift; sourceTree = "<group>"; };
		CEFA387B2755367F00C05C3B /* CGRect.swift */ = {isa = PBXFileReference; fileEncoding = 4; lastKnownFileType = sourcecode.swift; path = CGRect.swift; sourceTree = "<group>"; };
		CEFA387D2755388B00C05C3B /* Window.Grid.swift */ = {isa = PBXFileReference; fileEncoding = 4; lastKnownFileType = sourcecode.swift; path = Window.Grid.swift; sourceTree = "<group>"; };
		CEFA387E2755388B00C05C3B /* Window.Info.swift */ = {isa = PBXFileReference; fileEncoding = 4; lastKnownFileType = sourcecode.swift; path = Window.Info.swift; sourceTree = "<group>"; };
		CEFA387F2755388B00C05C3B /* Window.Grid.Cell.swift */ = {isa = PBXFileReference; fileEncoding = 4; lastKnownFileType = sourcecode.swift; path = Window.Grid.Cell.swift; sourceTree = "<group>"; };
/* End PBXFileReference section */

/* Begin PBXFrameworksBuildPhase section */
		CEA8927727527A9F00D0603B /* Frameworks */ = {
			isa = PBXFrameworksBuildPhase;
			buildActionMask = 2147483647;
			files = (
				CECFC37C2753E8B900CE985C /* StoreKit.framework in Frameworks */,
				CE82EA122753B0C8007E24F3 /* Core in Frameworks */,
				CE82EA172753B30A007E24F3 /* CloudKit.framework in Frameworks */,
			);
			runOnlyForDeploymentPostprocessing = 0;
		};
/* End PBXFrameworksBuildPhase section */

/* Begin PBXGroup section */
		CE69768F27527A6E0093D826 = {
			isa = PBXGroup;
			children = (
				CE82EA152753B30A007E24F3 /* Frameworks */,
				CEA8927C27527A9F00D0603B /* macOS */,
				CEA8927B27527A9F00D0603B /* Products */,
				CEF59ED52752960A00B40DFB /* Shared */,
			);
			sourceTree = "<group>";
		};
		CE82EA152753B30A007E24F3 /* Frameworks */ = {
			isa = PBXGroup;
			children = (
				CECFC37B2753E8B900CE985C /* StoreKit.framework */,
				CE82EA162753B30A007E24F3 /* CloudKit.framework */,
			);
			name = Frameworks;
			sourceTree = "<group>";
		};
		CEA8927B27527A9F00D0603B /* Products */ = {
			isa = PBXGroup;
			children = (
				CEA8927A27527A9F00D0603B /* Raw.app */,
			);
			name = Products;
			sourceTree = "<group>";
		};
		CEA8927C27527A9F00D0603B /* macOS */ = {
			isa = PBXGroup;
			children = (
				CEA8928627527AA000D0603B /* macOS.entitlements */,
				CEA8928A27527CE600D0603B /* Info.plist */,
				CEF59EB82752857400B40DFB /* Action.swift */,
				CEA8927D27527A9F00D0603B /* App.swift */,
				CE8802A1275697A000909C85 /* Bar.Option.swift */,
				CE8802A727569DF600909C85 /* Bar.Sorting.Option.swift */,
				CE8802A527569DBF00909C85 /* Bar.Sorting.swift */,
				CEF59ED22752948200B40DFB /* Bar.swift */,
				CEFA387B2755367F00C05C3B /* CGRect.swift */,
				CEFA386F2755355100C05C3B /* Collection.swift */,
				CEFA38722755355100C05C3B /* CollectionCell.swift */,
				CEFA38732755355100C05C3B /* CollectionCellState.swift */,
				CEFA3879275535C400C05C3B /* CollectionImage.swift */,
				CEFA38712755355100C05C3B /* CollectionItem.swift */,
				CEFA38702755355100C05C3B /* CollectionItemInfo.swift */,
				CEF59EC02752857400B40DFB /* Control.State.swift */,
				CEF59EBC2752857400B40DFB /* Control.swift */,
				CEF59EBA2752857400B40DFB /* Flip.swift */,
				CEF59ECE2752891300B40DFB /* Gradient.swift */,
				CEF59EB92752857400B40DFB /* Image.swift */,
				CEF59EDA27529B5500B40DFB /* Invalid.swift */,
				CEA79E1127541F9900397B5E /* Launch.Item.swift */,
				CEA8928B27527DE400D0603B /* Launch.swift */,
				CEF59EC12752857400B40DFB /* Layer.swift */,
				CEF59EDC2752A0E900B40DFB /* NSApplication.swift */,
				CE5B608B2754EA8700B48177 /* NSAttributedString.swift */,
				CE5B608A2754EA8700B48177 /* NSMutableAttributedString.swift */,
				CEF59EC22752857400B40DFB /* Plain.swift */,
				CEF59EBD2752857400B40DFB /* Separator.swift */,
				CEF59EBB2752857400B40DFB /* Shape.swift */,
				CEED0F94275791DF0076CFBC /* Subbar.swift */,
				CEED0F962757CBDF0076CFBC /* Switch.swift */,
				CEF59EBE2752857400B40DFB /* Text.swift */,
				CEF59EBF2752857400B40DFB /* Vibrant.swift */,
				CEA07F952758FB7800FF04CE /* Window.Detail.Cell.swift */,
				CEB04A9C275A4F5900DF17ED /* Window.Detail.Empty.swift */,
				CEA07F932758FB1F00FF04CE /* Window.Detail.swift */,
				CEFA387F2755388B00C05C3B /* Window.Grid.Cell.swift */,
				CEFA387D2755388B00C05C3B /* Window.Grid.swift */,
				CEFA387E2755388B00C05C3B /* Window.Info.swift */,
				CE8802A32756989600909C85 /* Window.Sort.swift */,
				CEF59ED027528E3100B40DFB /* Window.swift */,
				CEA07F912758F11A00FF04CE /* Window.Zoom.swift */,
				CEA8928127527AA000D0603B /* Assets.xcassets */,
			);
			path = macOS;
			sourceTree = "<group>";
		};
		CEF59ED52752960A00B40DFB /* Shared */ = {
			isa = PBXGroup;
			children = (
				CE82EA132753B122007E24F3 /* Global.swift.swift */,
			);
			path = Shared;
			sourceTree = "<group>";
		};
/* End PBXGroup section */

/* Begin PBXNativeTarget section */
		CEA8927927527A9F00D0603B /* macOS */ = {
			isa = PBXNativeTarget;
			buildConfigurationList = CEA8928927527AA000D0603B /* Build configuration list for PBXNativeTarget "macOS" */;
			buildPhases = (
				CEA8927627527A9F00D0603B /* Sources */,
				CEA8927727527A9F00D0603B /* Frameworks */,
				CEA8927827527A9F00D0603B /* Resources */,
			);
			buildRules = (
			);
			dependencies = (
			);
			name = macOS;
			packageProductDependencies = (
				CE82EA112753B0C8007E24F3 /* Core */,
			);
			productName = macOS;
			productReference = CEA8927A27527A9F00D0603B /* Raw.app */;
			productType = "com.apple.product-type.application";
		};
/* End PBXNativeTarget section */

/* Begin PBXProject section */
		CE69769027527A6E0093D826 /* Project object */ = {
			isa = PBXProject;
			attributes = {
				BuildIndependentTargetsInParallel = 1;
				LastSwiftUpdateCheck = 1310;
				LastUpgradeCheck = 1310;
				TargetAttributes = {
					CEA8927927527A9F00D0603B = {
						CreatedOnToolsVersion = 13.1;
					};
				};
			};
			buildConfigurationList = CE69769327527A6E0093D826 /* Build configuration list for PBXProject "Raw" */;
			compatibilityVersion = "Xcode 13.0";
			developmentRegion = en;
			hasScannedForEncodings = 0;
			knownRegions = (
				en,
				Base,
			);
			mainGroup = CE69768F27527A6E0093D826;
			packageReferences = (
				CE82EA102753B0C8007E24F3 /* XCRemoteSwiftPackageReference "core" */,
			);
			productRefGroup = CEA8927B27527A9F00D0603B /* Products */;
			projectDirPath = "";
			projectRoot = "";
			targets = (
				CEA8927927527A9F00D0603B /* macOS */,
			);
		};
/* End PBXProject section */

/* Begin PBXResourcesBuildPhase section */
		CEA8927827527A9F00D0603B /* Resources */ = {
			isa = PBXResourcesBuildPhase;
			buildActionMask = 2147483647;
			files = (
				CEA8928227527AA000D0603B /* Assets.xcassets in Resources */,
			);
			runOnlyForDeploymentPostprocessing = 0;
		};
/* End PBXResourcesBuildPhase section */

/* Begin PBXSourcesBuildPhase section */
		CEA8927627527A9F00D0603B /* Sources */ = {
			isa = PBXSourcesBuildPhase;
			buildActionMask = 2147483647;
			files = (
				CEA8928C27527DE400D0603B /* Launch.swift in Sources */,
				CEF59EC62752857400B40DFB /* Shape.swift in Sources */,
				CEF59EC72752857400B40DFB /* Control.swift in Sources */,
				CEFA387C2755367F00C05C3B /* CGRect.swift in Sources */,
				CE8802A42756989600909C85 /* Window.Sort.swift in Sources */,
				CE5B608D2754EA8700B48177 /* NSAttributedString.swift in Sources */,
				CE8802A2275697A000909C85 /* Bar.Option.swift in Sources */,
				CEFA38802755388B00C05C3B /* Window.Grid.swift in Sources */,
				CEF59ECF2752891300B40DFB /* Gradient.swift in Sources */,
				CEFA38822755388B00C05C3B /* Window.Grid.Cell.swift in Sources */,
				CEFA38762755355100C05C3B /* CollectionItem.swift in Sources */,
				CEA79E1227541F9900397B5E /* Launch.Item.swift in Sources */,
				CEFA38812755388B00C05C3B /* Window.Info.swift in Sources */,
				CEF59ECC2752857400B40DFB /* Layer.swift in Sources */,
				CEF59EC82752857400B40DFB /* Separator.swift in Sources */,
				CEF59ECA2752857400B40DFB /* Vibrant.swift in Sources */,
				CEF59EC92752857400B40DFB /* Text.swift in Sources */,
				CEF59ECD2752857400B40DFB /* Plain.swift in Sources */,
				CEF59EDD2752A0E900B40DFB /* NSApplication.swift in Sources */,
				CE8802A827569DF600909C85 /* Bar.Sorting.Option.swift in Sources */,
				CE5B608C2754EA8700B48177 /* NSMutableAttributedString.swift in Sources */,
				CEF59ED32752948200B40DFB /* Bar.swift in Sources */,
				CEFA38772755355100C05C3B /* CollectionCell.swift in Sources */,
				CEF59EC42752857400B40DFB /* Image.swift in Sources */,
				CEF59EC52752857400B40DFB /* Flip.swift in Sources */,
				CEF59EDB27529B5500B40DFB /* Invalid.swift in Sources */,
				CEA07F942758FB1F00FF04CE /* Window.Detail.swift in Sources */,
				CEF59ED127528E3100B40DFB /* Window.swift in Sources */,
				CEA07F922758F11A00FF04CE /* Window.Zoom.swift in Sources */,
				CEFA38752755355100C05C3B /* CollectionItemInfo.swift in Sources */,
				CEF59ECB2752857400B40DFB /* Control.State.swift in Sources */,
				CEFA38782755355100C05C3B /* CollectionCellState.swift in Sources */,
				CEED0F95275791DF0076CFBC /* Subbar.swift in Sources */,
				CEA07F962758FB7800FF04CE /* Window.Detail.Cell.swift in Sources */,
				CEFA38742755355100C05C3B /* Collection.swift in Sources */,
				CEF59EC32752857400B40DFB /* Action.swift in Sources */,
				CEA8927E27527A9F00D0603B /* App.swift in Sources */,
				CE82EA142753B122007E24F3 /* Global.swift.swift in Sources */,
				CEB04A9D275A4F5900DF17ED /* Window.Detail.Empty.swift in Sources */,
				CEFA387A275535C400C05C3B /* CollectionImage.swift in Sources */,
				CE8802A627569DBF00909C85 /* Bar.Sorting.swift in Sources */,
				CEED0F972757CBDF0076CFBC /* Switch.swift in Sources */,
			);
			runOnlyForDeploymentPostprocessing = 0;
		};
/* End PBXSourcesBuildPhase section */

/* Begin XCBuildConfiguration section */
		CE69769427527A6E0093D826 /* Debug */ = {
			isa = XCBuildConfiguration;
			buildSettings = {
				CLANG_ENABLE_MODULES = YES;
				CLANG_WARN_BLOCK_CAPTURE_AUTORELEASING = YES;
				CLANG_WARN_BOOL_CONVERSION = YES;
				CLANG_WARN_COMMA = YES;
				CLANG_WARN_CONSTANT_CONVERSION = YES;
				CLANG_WARN_DEPRECATED_OBJC_IMPLEMENTATIONS = YES;
				CLANG_WARN_EMPTY_BODY = YES;
				CLANG_WARN_ENUM_CONVERSION = YES;
				CLANG_WARN_INFINITE_RECURSION = YES;
				CLANG_WARN_INT_CONVERSION = YES;
				CLANG_WARN_NON_LITERAL_NULL_CONVERSION = YES;
				CLANG_WARN_OBJC_IMPLICIT_RETAIN_SELF = YES;
				CLANG_WARN_OBJC_LITERAL_CONVERSION = YES;
				CLANG_WARN_QUOTED_INCLUDE_IN_FRAMEWORK_HEADER = YES;
				CLANG_WARN_RANGE_LOOP_ANALYSIS = YES;
				CLANG_WARN_STRICT_PROTOTYPES = YES;
				CLANG_WARN_SUSPICIOUS_MOVE = YES;
				CLANG_WARN_UNREACHABLE_CODE = YES;
				CLANG_WARN__DUPLICATE_METHOD_MATCH = YES;
				CURRENT_PROJECT_VERSION = 1;
				DEBUG_INFORMATION_FORMAT = dwarf;
				DEVELOPMENT_TEAM = 7AMWG3RLHN;
				ENABLE_STRICT_OBJC_MSGSEND = YES;
				ENABLE_TESTABILITY = YES;
				GCC_NO_COMMON_BLOCKS = YES;
				GCC_OPTIMIZATION_LEVEL = 0;
				GCC_WARN_64_TO_32_BIT_CONVERSION = YES;
				GCC_WARN_ABOUT_RETURN_TYPE = YES;
				GCC_WARN_UNDECLARED_SELECTOR = YES;
				GCC_WARN_UNINITIALIZED_AUTOS = YES;
				GCC_WARN_UNUSED_FUNCTION = YES;
				GCC_WARN_UNUSED_VARIABLE = YES;
				MARKETING_VERSION = 1;
				ONLY_ACTIVE_ARCH = YES;
				PRODUCT_NAME = Raw;
				SWIFT_INSTALL_OBJC_HEADER = NO;
				SWIFT_OPTIMIZATION_LEVEL = "-Onone";
				SWIFT_OPTIMIZE_OBJECT_LIFETIME = YES;
				SWIFT_VERSION = 5.0;
			};
			name = Debug;
		};
		CE69769527527A6E0093D826 /* Release */ = {
			isa = XCBuildConfiguration;
			buildSettings = {
				CLANG_ENABLE_MODULES = YES;
				CLANG_WARN_BLOCK_CAPTURE_AUTORELEASING = YES;
				CLANG_WARN_BOOL_CONVERSION = YES;
				CLANG_WARN_COMMA = YES;
				CLANG_WARN_CONSTANT_CONVERSION = YES;
				CLANG_WARN_DEPRECATED_OBJC_IMPLEMENTATIONS = YES;
				CLANG_WARN_EMPTY_BODY = YES;
				CLANG_WARN_ENUM_CONVERSION = YES;
				CLANG_WARN_INFINITE_RECURSION = YES;
				CLANG_WARN_INT_CONVERSION = YES;
				CLANG_WARN_NON_LITERAL_NULL_CONVERSION = YES;
				CLANG_WARN_OBJC_IMPLICIT_RETAIN_SELF = YES;
				CLANG_WARN_OBJC_LITERAL_CONVERSION = YES;
				CLANG_WARN_QUOTED_INCLUDE_IN_FRAMEWORK_HEADER = YES;
				CLANG_WARN_RANGE_LOOP_ANALYSIS = YES;
				CLANG_WARN_STRICT_PROTOTYPES = YES;
				CLANG_WARN_SUSPICIOUS_MOVE = YES;
				CLANG_WARN_UNREACHABLE_CODE = YES;
				CLANG_WARN__DUPLICATE_METHOD_MATCH = YES;
				CURRENT_PROJECT_VERSION = 1;
				DEBUG_INFORMATION_FORMAT = "dwarf-with-dsym";
				DEVELOPMENT_TEAM = 7AMWG3RLHN;
				ENABLE_STRICT_OBJC_MSGSEND = YES;
				GCC_NO_COMMON_BLOCKS = YES;
				GCC_OPTIMIZATION_LEVEL = fast;
				GCC_WARN_64_TO_32_BIT_CONVERSION = YES;
				GCC_WARN_ABOUT_RETURN_TYPE = YES;
				GCC_WARN_UNDECLARED_SELECTOR = YES;
				GCC_WARN_UNINITIALIZED_AUTOS = YES;
				GCC_WARN_UNUSED_FUNCTION = YES;
				GCC_WARN_UNUSED_VARIABLE = YES;
				MARKETING_VERSION = 1;
				PRODUCT_NAME = Raw;
				SWIFT_COMPILATION_MODE = wholemodule;
				SWIFT_INSTALL_OBJC_HEADER = NO;
				SWIFT_OPTIMIZE_OBJECT_LIFETIME = YES;
				SWIFT_VERSION = 5.0;
			};
			name = Release;
		};
		CEA8928727527AA000D0603B /* Debug */ = {
			isa = XCBuildConfiguration;
			buildSettings = {
				ALWAYS_SEARCH_USER_PATHS = NO;
				ASSETCATALOG_COMPILER_APPICON_NAME = AppIcon;
				ASSETCATALOG_COMPILER_GLOBAL_ACCENT_COLOR_NAME = AccentColor;
				CLANG_ANALYZER_NONNULL = YES;
				CLANG_ANALYZER_NUMBER_OBJECT_CONVERSION = YES_AGGRESSIVE;
				CLANG_CXX_LANGUAGE_STANDARD = "gnu++17";
				CLANG_CXX_LIBRARY = "libc++";
				CLANG_ENABLE_OBJC_ARC = YES;
				CLANG_ENABLE_OBJC_WEAK = YES;
				CLANG_WARN_BLOCK_CAPTURE_AUTORELEASING = YES;
				CLANG_WARN_BOOL_CONVERSION = YES;
				CLANG_WARN_COMMA = YES;
				CLANG_WARN_CONSTANT_CONVERSION = YES;
				CLANG_WARN_DEPRECATED_OBJC_IMPLEMENTATIONS = YES;
				CLANG_WARN_DIRECT_OBJC_ISA_USAGE = YES_ERROR;
				CLANG_WARN_DOCUMENTATION_COMMENTS = YES;
				CLANG_WARN_EMPTY_BODY = YES;
				CLANG_WARN_ENUM_CONVERSION = YES;
				CLANG_WARN_INFINITE_RECURSION = YES;
				CLANG_WARN_INT_CONVERSION = YES;
				CLANG_WARN_NON_LITERAL_NULL_CONVERSION = YES;
				CLANG_WARN_OBJC_IMPLICIT_RETAIN_SELF = YES;
				CLANG_WARN_OBJC_LITERAL_CONVERSION = YES;
				CLANG_WARN_OBJC_ROOT_CLASS = YES_ERROR;
				CLANG_WARN_QUOTED_INCLUDE_IN_FRAMEWORK_HEADER = YES;
				CLANG_WARN_RANGE_LOOP_ANALYSIS = YES;
				CLANG_WARN_STRICT_PROTOTYPES = YES;
				CLANG_WARN_SUSPICIOUS_MOVE = YES;
				CLANG_WARN_UNGUARDED_AVAILABILITY = YES_AGGRESSIVE;
				CLANG_WARN_UNREACHABLE_CODE = YES;
				CLANG_WARN__DUPLICATE_METHOD_MATCH = YES;
				CODE_SIGN_ENTITLEMENTS = macOS/macOS.entitlements;
				COMBINE_HIDPI_IMAGES = YES;
				COPY_PHASE_STRIP = NO;
				DEVELOPMENT_ASSET_PATHS = "";
				ENABLE_HARDENED_RUNTIME = YES;
				ENABLE_STRICT_OBJC_MSGSEND = YES;
				ENABLE_TESTABILITY = YES;
				GCC_C_LANGUAGE_STANDARD = gnu11;
				GCC_DYNAMIC_NO_PIC = NO;
				GCC_NO_COMMON_BLOCKS = YES;
				GCC_PREPROCESSOR_DEFINITIONS = (
					"DEBUG=1",
					"$(inherited)",
				);
				GCC_WARN_64_TO_32_BIT_CONVERSION = YES;
				GCC_WARN_ABOUT_RETURN_TYPE = YES_ERROR;
				GCC_WARN_UNDECLARED_SELECTOR = YES;
				GCC_WARN_UNINITIALIZED_AUTOS = YES_AGGRESSIVE;
				GCC_WARN_UNUSED_FUNCTION = YES;
				GCC_WARN_UNUSED_VARIABLE = YES;
				GENERATE_INFOPLIST_FILE = YES;
				INFOPLIST_FILE = macOS/Info.plist;
				INFOPLIST_KEY_CFBundleDisplayName = Raw;
				INFOPLIST_KEY_LSApplicationCategoryType = "public.app-category.photography";
				INFOPLIST_KEY_NSHumanReadableCopyright = "2021 Raw";
				INFOPLIST_KEY_NSPrincipalClass = Raw.App;
				LD_RUNPATH_SEARCH_PATHS = (
					"$(inherited)",
					"@executable_path/../Frameworks",
				);
				MACOSX_DEPLOYMENT_TARGET = 12.0;
				MTL_ENABLE_DEBUG_INFO = INCLUDE_SOURCE;
				MTL_FAST_MATH = YES;
				ONLY_ACTIVE_ARCH = YES;
				PRODUCT_BUNDLE_IDENTIFIER = rawhero;
				SDKROOT = macosx;
				SWIFT_ACTIVE_COMPILATION_CONDITIONS = DEBUG;
				SWIFT_EMIT_LOC_STRINGS = YES;
			};
			name = Debug;
		};
		CEA8928827527AA000D0603B /* Release */ = {
			isa = XCBuildConfiguration;
			buildSettings = {
				ALWAYS_SEARCH_USER_PATHS = NO;
				ASSETCATALOG_COMPILER_APPICON_NAME = AppIcon;
				ASSETCATALOG_COMPILER_GLOBAL_ACCENT_COLOR_NAME = AccentColor;
				CLANG_ANALYZER_NONNULL = YES;
				CLANG_ANALYZER_NUMBER_OBJECT_CONVERSION = YES_AGGRESSIVE;
				CLANG_CXX_LANGUAGE_STANDARD = "gnu++17";
				CLANG_CXX_LIBRARY = "libc++";
				CLANG_ENABLE_OBJC_ARC = YES;
				CLANG_ENABLE_OBJC_WEAK = YES;
				CLANG_WARN_BLOCK_CAPTURE_AUTORELEASING = YES;
				CLANG_WARN_BOOL_CONVERSION = YES;
				CLANG_WARN_COMMA = YES;
				CLANG_WARN_CONSTANT_CONVERSION = YES;
				CLANG_WARN_DEPRECATED_OBJC_IMPLEMENTATIONS = YES;
				CLANG_WARN_DIRECT_OBJC_ISA_USAGE = YES_ERROR;
				CLANG_WARN_DOCUMENTATION_COMMENTS = YES;
				CLANG_WARN_EMPTY_BODY = YES;
				CLANG_WARN_ENUM_CONVERSION = YES;
				CLANG_WARN_INFINITE_RECURSION = YES;
				CLANG_WARN_INT_CONVERSION = YES;
				CLANG_WARN_NON_LITERAL_NULL_CONVERSION = YES;
				CLANG_WARN_OBJC_IMPLICIT_RETAIN_SELF = YES;
				CLANG_WARN_OBJC_LITERAL_CONVERSION = YES;
				CLANG_WARN_OBJC_ROOT_CLASS = YES_ERROR;
				CLANG_WARN_QUOTED_INCLUDE_IN_FRAMEWORK_HEADER = YES;
				CLANG_WARN_RANGE_LOOP_ANALYSIS = YES;
				CLANG_WARN_STRICT_PROTOTYPES = YES;
				CLANG_WARN_SUSPICIOUS_MOVE = YES;
				CLANG_WARN_UNGUARDED_AVAILABILITY = YES_AGGRESSIVE;
				CLANG_WARN_UNREACHABLE_CODE = YES;
				CLANG_WARN__DUPLICATE_METHOD_MATCH = YES;
				CODE_SIGN_ENTITLEMENTS = macOS/macOS.entitlements;
				COMBINE_HIDPI_IMAGES = YES;
				COPY_PHASE_STRIP = NO;
				DEVELOPMENT_ASSET_PATHS = "";
				ENABLE_HARDENED_RUNTIME = YES;
				ENABLE_NS_ASSERTIONS = NO;
				ENABLE_STRICT_OBJC_MSGSEND = YES;
				GCC_C_LANGUAGE_STANDARD = gnu11;
				GCC_NO_COMMON_BLOCKS = YES;
				GCC_WARN_64_TO_32_BIT_CONVERSION = YES;
				GCC_WARN_ABOUT_RETURN_TYPE = YES_ERROR;
				GCC_WARN_UNDECLARED_SELECTOR = YES;
				GCC_WARN_UNINITIALIZED_AUTOS = YES_AGGRESSIVE;
				GCC_WARN_UNUSED_FUNCTION = YES;
				GCC_WARN_UNUSED_VARIABLE = YES;
				GENERATE_INFOPLIST_FILE = YES;
				INFOPLIST_FILE = macOS/Info.plist;
				INFOPLIST_KEY_CFBundleDisplayName = Raw;
				INFOPLIST_KEY_LSApplicationCategoryType = "public.app-category.photography";
				INFOPLIST_KEY_NSHumanReadableCopyright = "2021 Raw";
				INFOPLIST_KEY_NSPrincipalClass = Raw.App;
				LD_RUNPATH_SEARCH_PATHS = (
					"$(inherited)",
					"@executable_path/../Frameworks",
				);
				MACOSX_DEPLOYMENT_TARGET = 12.0;
				MTL_ENABLE_DEBUG_INFO = NO;
				MTL_FAST_MATH = YES;
				PRODUCT_BUNDLE_IDENTIFIER = rawhero;
				SDKROOT = macosx;
				SWIFT_EMIT_LOC_STRINGS = YES;
			};
			name = Release;
		};
/* End XCBuildConfiguration section */

/* Begin XCConfigurationList section */
		CE69769327527A6E0093D826 /* Build configuration list for PBXProject "Raw" */ = {
			isa = XCConfigurationList;
			buildConfigurations = (
				CE69769427527A6E0093D826 /* Debug */,
				CE69769527527A6E0093D826 /* Release */,
			);
			defaultConfigurationIsVisible = 0;
			defaultConfigurationName = Release;
		};
		CEA8928927527AA000D0603B /* Build configuration list for PBXNativeTarget "macOS" */ = {
			isa = XCConfigurationList;
			buildConfigurations = (
				CEA8928727527AA000D0603B /* Debug */,
				CEA8928827527AA000D0603B /* Release */,
			);
			defaultConfigurationIsVisible = 0;
			defaultConfigurationName = Release;
		};
/* End XCConfigurationList section */

/* Begin XCRemoteSwiftPackageReference section */
		CE82EA102753B0C8007E24F3 /* XCRemoteSwiftPackageReference "core" */ = {
			isa = XCRemoteSwiftPackageReference;
			repositoryURL = "https://github.com/rawhero/core.git";
			requirement = {
				branch = main;
				kind = branch;
			};
		};
/* End XCRemoteSwiftPackageReference section */

/* Begin XCSwiftPackageProductDependency section */
		CE82EA112753B0C8007E24F3 /* Core */ = {
			isa = XCSwiftPackageProductDependency;
			package = CE82EA102753B0C8007E24F3 /* XCRemoteSwiftPackageReference "core" */;
			productName = Core;
		};
/* End XCSwiftPackageProductDependency section */
	};
	rootObject = CE69769027527A6E0093D826 /* Project object */;
}
