{
  "object": {
    "pins": [
      {
        "package": "Core",
        "repositoryURL": "https://github.com/rawhero/core.git",
        "state": {
          "branch": "main",
          "revision": "4782dfc4103625dcdfc538b6dc4ff003965bd433",
          "version": null
        }
      },
      {
        "package": "Archivable",
        "repositoryURL": "https://github.com/archivable/package.git",
        "state": {
          "branch": "main",
          "revision": "a17c533c62cefe5ecae46e165a934d2734d4f3f0",
          "version": null
        }
      }
    ]
  },
  "version": 1
}
