{
  "object": {
    "pins": [
      {
        "package": "Core",
        "repositoryURL": "https://github.com/rawhero/core.git",
        "state": {
          "branch": "main",
          "revision": "861814442b7b1b3cead3c79fb3072527644152de",
          "version": null
        }
      },
      {
        "package": "Archivable",
        "repositoryURL": "https://github.com/archivable/package.git",
        "state": {
          "branch": "main",
          "revision": "66097a4804f84111d495294464e06a2ae18eaf60",
          "version": null
        }
      }
    ]
  },
  "version": 1
}
