{
  "object": {
    "pins": [
      {
        "package": "Core",
        "repositoryURL": "https://github.com/rawhero/core.git",
        "state": {
          "branch": "main",
          "revision": "9711604041d4a42dbea8e871ab6b91ba8cd2efb1",
          "version": null
        }
      },
      {
        "package": "Archivable",
        "repositoryURL": "https://github.com/archivable/package.git",
        "state": {
          "branch": "main",
          "revision": "66097a4804f84111d495294464e06a2ae18eaf60",
          "version": null
        }
      }
    ]
  },
  "version": 1
}
